
Microsoft Visual Studio Solution File, Format Version 12.00
# Visual Studio 15
VisualStudioVersion = 15.0.28010.2046
MinimumVisualStudioVersion = 10.0.40219.1
Project("{9A19103F-16F7-4668-BE54-9A1E7A4F7556}") = "WFLite.Json", "src\WFLite.Json\WFLite.Json.csproj", "{03A1E118-A891-4446-BFE9-060AD0A60EAC}"
EndProject
Project("{9A19103F-16F7-4668-BE54-9A1E7A4F7556}") = "WFLite.Json.HelloWorld", "examples\WFLite.Json.HelloWorld\WFLite.Json.HelloWorld.csproj", "{9DA487AE-5390-4875-9511-8FB4257B453C}"
EndProject
Project("{FAE04EC0-301F-11D3-BF4B-00C04F79EFBC}") = "WFLite.Json.Test", "test\WFLite.Json.Test\WFLite.Json.Test.csproj", "{B4AF9ECA-7873-411B-885B-024182F5FBAE}"
EndProject
Global
	GlobalSection(SolutionConfigurationPlatforms) = preSolution
		Debug|Any CPU = Debug|Any CPU
		Release|Any CPU = Release|Any CPU
	EndGlobalSection
	GlobalSection(ProjectConfigurationPlatforms) = postSolution
		{03A1E118-A891-4446-BFE9-060AD0A60EAC}.Debug|Any CPU.ActiveCfg = Debug|Any CPU
		{03A1E118-A891-4446-BFE9-060AD0A60EAC}.Debug|Any CPU.Build.0 = Debug|Any CPU
		{03A1E118-A891-4446-BFE9-060AD0A60EAC}.Release|Any CPU.ActiveCfg = Release|Any CPU
		{03A1E118-A891-4446-BFE9-060AD0A60EAC}.Release|Any CPU.Build.0 = Release|Any CPU
		{9DA487AE-5390-4875-9511-8FB4257B453C}.Debug|Any CPU.ActiveCfg = Debug|Any CPU
		{9DA487AE-5390-4875-9511-8FB4257B453C}.Debug|Any CPU.Build.0 = Debug|Any CPU
		{9DA487AE-5390-4875-9511-8FB4257B453C}.Release|Any CPU.ActiveCfg = Release|Any CPU
		{9DA487AE-5390-4875-9511-8FB4257B453C}.Release|Any CPU.Build.0 = Release|Any CPU
		{B4AF9ECA-7873-411B-885B-024182F5FBAE}.Debug|Any CPU.ActiveCfg = Debug|Any CPU
		{B4AF9ECA-7873-411B-885B-024182F5FBAE}.Debug|Any CPU.Build.0 = Debug|Any CPU
		{B4AF9ECA-7873-411B-885B-024182F5FBAE}.Release|Any CPU.ActiveCfg = Release|Any CPU
		{B4AF9ECA-7873-411B-885B-024182F5FBAE}.Release|Any CPU.Build.0 = Release|Any CPU
	EndGlobalSection
	GlobalSection(SolutionProperties) = preSolution
		HideSolutionNode = FALSE
	EndGlobalSection
	GlobalSection(ExtensibilityGlobals) = postSolution
		SolutionGuid = {C80B8E9A-9229-42A1-84A2-309B8C64DBEE}
	EndGlobalSection
EndGlobal
